{
  "nodes": {
    "base16": {
      "inputs": {
        "fromYaml": "fromYaml"
      },
      "locked": {
        "lastModified": 1731966541,
        "narHash": "sha256-AhX8QQBQLRqEWHftFibTmvlmh157134vzBYXW0LOBKo=",
        "owner": "SenchoPens",
        "repo": "base16.nix",
        "rev": "d8e769add6333892b44afc107f193074a5072717",
        "type": "github"
      },
      "original": {
        "owner": "SenchoPens",
        "repo": "base16.nix",
        "type": "github"
      }
    },
    "base16-fish": {
      "flake": false,
      "locked": {
        "lastModified": 1622559957,
        "narHash": "sha256-PebymhVYbL8trDVVXxCvZgc0S5VxI7I1Hv4RMSquTpA=",
        "owner": "tomyun",
        "repo": "base16-fish",
        "rev": "2f6dd973a9075dabccd26f1cded09508180bf5fe",
        "type": "github"
      },
      "original": {
        "owner": "tomyun",
        "repo": "base16-fish",
        "type": "github"
      }
    },
    "base16-helix": {
      "flake": false,
      "locked": {
        "lastModified": 1725860795,
        "narHash": "sha256-Z2o8VBPW3I+KKTSfe25kskz0EUj7MpUh8u355Z1nVsU=",
        "owner": "tinted-theming",
        "repo": "base16-helix",
        "rev": "7f795bf75d38e0eea9fed287264067ca187b88a9",
        "type": "github"
      },
      "original": {
        "owner": "tinted-theming",
        "repo": "base16-helix",
        "type": "github"
      }
    },
    "base16-vim": {
      "flake": false,
      "locked": {
        "lastModified": 1716150083,
        "narHash": "sha256-ZMhnNmw34ogE5rJZrjRv5MtG3WaqKd60ds2VXvT6hEc=",
        "owner": "tinted-theming",
        "repo": "base16-vim",
        "rev": "6e955d704d046b0dc3e5c2d68a2a6eeffd2b5d3d",
        "type": "github"
      },
      "original": {
        "owner": "tinted-theming",
        "repo": "base16-vim",
        "type": "github"
      }
    },
    "catppuccin": {
      "locked": {
        "lastModified": 1731232837,
        "narHash": "sha256-0aIwr/RC/oe7rYkfJb47xjdEQDSNcqpFGsEa+EPlDEs=",
        "owner": "catppuccin",
        "repo": "nix",
        "rev": "32359bf226fe874d3b7a0a5753d291a4da9616fe",
        "type": "github"
      },
      "original": {
        "owner": "catppuccin",
        "repo": "nix",
        "type": "github"
      }
    },
    "catppuccin-fractal-wallpapers": {
      "flake": false,
      "locked": {
        "lastModified": 1660870156,
        "narHash": "sha256-udMkIX5etmRR0O+MPWeDAMZH4BW0YS0pDUE0wcwszQI=",
        "owner": "psylopneunonym",
        "repo": "Catppuccin-Fractal-Wallpapers",
        "rev": "cd439e85eb5b81808e5f6dc64adb2c171fc0853f",
        "type": "github"
      },
      "original": {
        "owner": "psylopneunonym",
        "repo": "Catppuccin-Fractal-Wallpapers",
        "type": "github"
      }
    },
    "catppuccin-ohmyrepl": {
      "flake": false,
      "locked": {
        "lastModified": 1731531339,
        "narHash": "sha256-LsOr96twfwyU0VVYO3/Plrv6qNO35DbAurCjVoaN7FU=",
        "owner": "catppuccin",
        "repo": "ohmyrepl",
        "rev": "e165a032f5b04b98d8a5f3f08dc16c25b456f58f",
        "type": "github"
      },
      "original": {
        "owner": "catppuccin",
        "repo": "ohmyrepl",
        "type": "github"
      }
    },
    "catppuccin-prismlauncher": {
      "flake": false,
      "locked": {
        "lastModified": 1717870551,
        "narHash": "sha256-DToYUf8oZOtdBZ8bVFxJGZ1brtuQa/vCuIwCVv0HOJE=",
        "owner": "Anomalocaridid",
        "repo": "prismlauncher",
        "rev": "2f9fbb2cf3eaa7f78cd87009c4df053d1f638aa0",
        "type": "github"
      },
      "original": {
        "owner": "Anomalocaridid",
        "ref": "whiskers",
        "repo": "prismlauncher",
        "type": "github"
      }
    },
    "devshell": {
      "inputs": {
        "nixpkgs": [
          "nixpkgs"
        ]
      },
      "locked": {
        "lastModified": 1728330715,
        "narHash": "sha256-xRJ2nPOXb//u1jaBnDP56M7v5ldavjbtR6lfGqSvcKg=",
        "owner": "numtide",
        "repo": "devshell",
        "rev": "dd6b80932022cea34a019e2bb32f6fa9e494dfef",
        "type": "github"
      },
      "original": {
        "owner": "numtide",
        "repo": "devshell",
        "type": "github"
      }
    },
    "disko": {
      "inputs": {
        "nixpkgs": [
          "nixpkgs"
        ]
      },
      "locked": {
        "lastModified": 1732030699,
        "narHash": "sha256-SBosboLvLqDv+7mNgRTIYDQbHE61rDDkXTJWiRX3PPo=",
        "owner": "nix-community",
        "repo": "disko",
        "rev": "da52cf40206d7d1a419d07640eb47b2fb9ac2c21",
        "type": "github"
      },
      "original": {
        "owner": "nix-community",
        "repo": "disko",
        "type": "github"
      }
    },
    "exercism-cli-fish-wrapper": {
      "flake": false,
      "locked": {
        "lastModified": 1731966203,
        "narHash": "sha256-2vP09adF5LBsM02Xi8eDxM4lB24zBR+2WIuki/e+nx8=",
        "owner": "glennj",
        "repo": "exercism-cli-fish-wrapper",
        "rev": "38898516fcfd6c802915b7fb0ef4c9671f3d56b7",
        "type": "github"
      },
      "original": {
        "owner": "glennj",
        "repo": "exercism-cli-fish-wrapper",
        "type": "github"
      }
    },
    "exifaudio-yazi": {
      "flake": false,
      "locked": {
        "lastModified": 1729610744,
        "narHash": "sha256-8f1iG9RTLrso4S9mHYcm3dLKWXd/WyRzZn6KNckmiCc=",
        "owner": "Sonico98",
        "repo": "exifaudio.yazi",
        "rev": "855ff055c11fb8f268b4c006a8bd59dd9bcf17a7",
        "type": "github"
      },
      "original": {
        "owner": "Sonico98",
        "repo": "exifaudio.yazi",
        "type": "github"
      }
    },
    "ez-configs": {
      "inputs": {
        "flake-parts": "flake-parts",
        "nixpkgs": "nixpkgs"
      },
      "locked": {
        "lastModified": 1720994547,
        "narHash": "sha256-5WmTdtALYr8zSTBEeyKWos08pqNwRJ2SiT/vAnw19TU=",
        "owner": "ehllie",
        "repo": "ez-configs",
        "rev": "563000e533a1b1aa957a4b788bf505cd243e5154",
        "type": "github"
      },
      "original": {
        "owner": "ehllie",
        "repo": "ez-configs",
        "type": "github"
      }
    },
    "flake-compat": {
      "flake": false,
      "locked": {
        "lastModified": 1696426674,
        "narHash": "sha256-kvjfFW7WAETZlt09AgDn1MrtKzP7t90Vf7vypd3OL1U=",
        "owner": "edolstra",
        "repo": "flake-compat",
        "rev": "0f9255e01c2351cc7d116c072cb317785dd33b33",
        "type": "github"
      },
      "original": {
        "owner": "edolstra",
        "repo": "flake-compat",
        "type": "github"
      }
    },
    "flake-compat_2": {
      "flake": false,
      "locked": {
        "lastModified": 1673956053,
        "narHash": "sha256-4gtG9iQuiKITOjNQQeQIpoIB6b16fm+504Ch3sNKLd8=",
        "owner": "edolstra",
        "repo": "flake-compat",
        "rev": "35bb57c0c8d8b62bbfd284272c928ceb64ddbde9",
        "type": "github"
      },
      "original": {
        "owner": "edolstra",
        "repo": "flake-compat",
        "type": "github"
      }
    },
    "flake-parts": {
      "inputs": {
        "nixpkgs-lib": [
          "ez-configs",
          "nixpkgs"
        ]
      },
      "locked": {
        "lastModified": 1698882062,
        "narHash": "sha256-HkhafUayIqxXyHH1X8d9RDl1M2CkFgZLjKD3MzabiEo=",
        "owner": "hercules-ci",
        "repo": "flake-parts",
        "rev": "8c9fa2545007b49a5db5f650ae91f227672c3877",
        "type": "github"
      },
      "original": {
        "owner": "hercules-ci",
        "repo": "flake-parts",
        "type": "github"
      }
    },
    "flake-parts_2": {
      "inputs": {
        "nixpkgs-lib": "nixpkgs-lib"
      },
      "locked": {
        "lastModified": 1730504689,
        "narHash": "sha256-hgmguH29K2fvs9szpq2r3pz2/8cJd2LPS+b4tfNFCwE=",
        "owner": "hercules-ci",
        "repo": "flake-parts",
        "rev": "506278e768c2a08bec68eb62932193e341f55c90",
        "type": "github"
      },
      "original": {
        "owner": "hercules-ci",
        "repo": "flake-parts",
        "type": "github"
      }
    },
    "flake-parts_3": {
      "inputs": {
        "nixpkgs-lib": "nixpkgs-lib_2"
      },
      "locked": {
        "lastModified": 1730504689,
        "narHash": "sha256-hgmguH29K2fvs9szpq2r3pz2/8cJd2LPS+b4tfNFCwE=",
        "owner": "hercules-ci",
        "repo": "flake-parts",
        "rev": "506278e768c2a08bec68eb62932193e341f55c90",
        "type": "github"
      },
      "original": {
        "owner": "hercules-ci",
        "repo": "flake-parts",
        "type": "github"
      }
    },
    "flake-utils": {
      "inputs": {
        "systems": "systems"
      },
      "locked": {
        "lastModified": 1710146030,
        "narHash": "sha256-SZ5L6eA7HJ/nmkzGG7/ISclqe6oZdOZTNoesiInkXPQ=",
        "owner": "numtide",
        "repo": "flake-utils",
        "rev": "b1d9ab70662946ef0850d488da1c9019f3a9752a",
        "type": "github"
      },
      "original": {
        "owner": "numtide",
        "repo": "flake-utils",
        "type": "github"
      }
    },
    "flake-utils_2": {
      "locked": {
        "lastModified": 1653893745,
        "narHash": "sha256-0jntwV3Z8//YwuOjzhV2sgJJPt+HY6KhU7VZUL0fKZQ=",
        "owner": "numtide",
        "repo": "flake-utils",
        "rev": "1ed9fb1935d260de5fe1c2f7ee0ebaae17ed2fa1",
        "type": "github"
      },
      "original": {
        "owner": "numtide",
        "repo": "flake-utils",
        "type": "github"
      }
    },
    "flake-utils_3": {
      "locked": {
        "lastModified": 1653893745,
        "narHash": "sha256-0jntwV3Z8//YwuOjzhV2sgJJPt+HY6KhU7VZUL0fKZQ=",
        "owner": "numtide",
        "repo": "flake-utils",
        "rev": "1ed9fb1935d260de5fe1c2f7ee0ebaae17ed2fa1",
        "type": "github"
      },
      "original": {
        "owner": "numtide",
        "repo": "flake-utils",
        "type": "github"
      }
    },
    "flake-utils_4": {
      "locked": {
        "lastModified": 1653893745,
        "narHash": "sha256-0jntwV3Z8//YwuOjzhV2sgJJPt+HY6KhU7VZUL0fKZQ=",
        "owner": "numtide",
        "repo": "flake-utils",
        "rev": "1ed9fb1935d260de5fe1c2f7ee0ebaae17ed2fa1",
        "type": "github"
      },
      "original": {
        "owner": "numtide",
        "repo": "flake-utils",
        "type": "github"
      }
    },
    "flake-utils_5": {
      "locked": {
        "lastModified": 1653893745,
        "narHash": "sha256-0jntwV3Z8//YwuOjzhV2sgJJPt+HY6KhU7VZUL0fKZQ=",
        "owner": "numtide",
        "repo": "flake-utils",
        "rev": "1ed9fb1935d260de5fe1c2f7ee0ebaae17ed2fa1",
        "type": "github"
      },
      "original": {
        "owner": "numtide",
        "repo": "flake-utils",
        "type": "github"
      }
    },
    "flake-utils_6": {
      "locked": {
        "lastModified": 1653893745,
        "narHash": "sha256-0jntwV3Z8//YwuOjzhV2sgJJPt+HY6KhU7VZUL0fKZQ=",
        "owner": "numtide",
        "repo": "flake-utils",
        "rev": "1ed9fb1935d260de5fe1c2f7ee0ebaae17ed2fa1",
        "type": "github"
      },
      "original": {
        "owner": "numtide",
        "repo": "flake-utils",
        "type": "github"
      }
    },
    "flake-utils_7": {
      "inputs": {
        "systems": [
          "stylix",
          "systems"
        ]
      },
      "locked": {
        "lastModified": 1710146030,
        "narHash": "sha256-SZ5L6eA7HJ/nmkzGG7/ISclqe6oZdOZTNoesiInkXPQ=",
        "owner": "numtide",
        "repo": "flake-utils",
        "rev": "b1d9ab70662946ef0850d488da1c9019f3a9752a",
        "type": "github"
      },
      "original": {
        "owner": "numtide",
        "repo": "flake-utils",
        "type": "github"
      }
    },
    "flakey-profile": {
      "locked": {
        "lastModified": 1712898590,
        "narHash": "sha256-FhGIEU93VHAChKEXx905TSiPZKga69bWl1VB37FK//I=",
        "owner": "lf-",
        "repo": "flakey-profile",
        "rev": "243c903fd8eadc0f63d205665a92d4df91d42d9d",
        "type": "github"
      },
      "original": {
        "owner": "lf-",
        "repo": "flakey-profile",
        "type": "github"
      }
    },
    "fromYaml": {
      "flake": false,
      "locked": {
        "lastModified": 1731966426,
        "narHash": "sha256-lq95WydhbUTWig/JpqiB7oViTcHFP8Lv41IGtayokA8=",
        "owner": "SenchoPens",
        "repo": "fromYaml",
        "rev": "106af9e2f715e2d828df706c386a685698f3223b",
        "type": "github"
      },
      "original": {
        "owner": "SenchoPens",
        "repo": "fromYaml",
        "type": "github"
      }
    },
    "glow-yazi": {
      "flake": false,
      "locked": {
        "lastModified": 1730258334,
        "narHash": "sha256-fKJ5ld5xc6HsM/h5j73GABB5i3nmcwWCs+QSdDPA9cU=",
        "owner": "Reledia",
        "repo": "glow.yazi",
        "rev": "388e847dca6497cf5903f26ca3b87485b2de4680",
        "type": "github"
      },
      "original": {
        "owner": "Reledia",
        "repo": "glow.yazi",
        "type": "github"
      }
    },
    "gnome-shell": {
      "flake": false,
      "locked": {
        "lastModified": 1713702291,
        "narHash": "sha256-zYP1ehjtcV8fo+c+JFfkAqktZ384Y+y779fzmR9lQAU=",
        "owner": "GNOME",
        "repo": "gnome-shell",
        "rev": "0d0aadf013f78a7f7f1dc984d0d812971864b934",
        "type": "github"
      },
      "original": {
        "owner": "GNOME",
        "ref": "46.1",
        "repo": "gnome-shell",
        "type": "github"
      }
    },
    "home-manager": {
      "inputs": {
        "nixpkgs": [
          "nixpkgs"
        ]
      },
      "locked": {
        "lastModified": 1732025103,
        "narHash": "sha256-qjEI64RKvDxRyEarY0jTzrZMa8ebezh2DEZmJJrpVdo=",
        "owner": "nix-community",
        "repo": "home-manager",
        "rev": "a46e702093a5c46e192243edbd977d5749e7f294",
        "type": "github"
      },
      "original": {
        "owner": "nix-community",
        "repo": "home-manager",
        "type": "github"
      }
    },
    "hyprland-contrib": {
      "inputs": {
        "nixpkgs": [
          "nixpkgs"
        ]
      },
      "locked": {
        "lastModified": 1730743354,
        "narHash": "sha256-gU4NySYyXeAzVaF5bI6BKmj2CdgiwGFnuPjXUId3Dx0=",
        "owner": "hyprwm",
        "repo": "contrib",
        "rev": "792f6b83dc719214e0e2a0b380c34f147b28ece2",
        "type": "github"
      },
      "original": {
        "owner": "hyprwm",
        "repo": "contrib",
        "type": "github"
      }
    },
    "impermanence": {
      "locked": {
        "lastModified": 1731242966,
        "narHash": "sha256-B3C3JLbGw0FtLSWCjBxU961gLNv+BOOBC6WvstKLYMw=",
        "owner": "nix-community",
        "repo": "impermanence",
        "rev": "3ed3f0eaae9fcc0a8331e77e9319c8a4abd8a71a",
        "type": "github"
      },
      "original": {
        "owner": "nix-community",
        "repo": "impermanence",
        "type": "github"
      }
    },
    "lix": {
      "flake": false,
      "locked": {
        "lastModified": 1729298361,
        "narHash": "sha256-hiGtfzxFkDc9TSYsb96Whg0vnqBVV7CUxyscZNhed0U=",
        "rev": "ad9d06f7838a25beec425ff406fe68721fef73be",
        "type": "tarball",
        "url": "https://git.lix.systems/api/v1/repos/lix-project/lix/archive/ad9d06f7838a25beec425ff406fe68721fef73be.tar.gz?rev=ad9d06f7838a25beec425ff406fe68721fef73be"
      },
      "original": {
        "type": "tarball",
        "url": "https://git.lix.systems/lix-project/lix/archive/2.91.1.tar.gz"
      }
    },
    "lix-module": {
      "inputs": {
        "flake-utils": "flake-utils",
        "flakey-profile": "flakey-profile",
        "lix": "lix",
        "nixpkgs": [
          "nixpkgs"
        ]
      },
      "locked": {
        "lastModified": 1729360442,
        "narHash": "sha256-6U0CyPycIBc04hbYy2hBINnVso58n/ZyywY2BD3hu+s=",
        "rev": "9098ac95768f7006d7e070b88bae76939f6034e6",
        "type": "tarball",
        "url": "https://git.lix.systems/api/v1/repos/lix-project/nixos-module/archive/9098ac95768f7006d7e070b88bae76939f6034e6.tar.gz?rev=9098ac95768f7006d7e070b88bae76939f6034e6"
      },
      "original": {
        "type": "tarball",
        "url": "https://git.lix.systems/lix-project/nixos-module/archive/2.91.1-1.tar.gz"
      }
    },
    "miller-yazi": {
      "flake": false,
      "locked": {
        "lastModified": 1724872518,
        "narHash": "sha256-GXZZ/vI52rSw573hoMmspnuzFoBXDLcA0fqjF76CdnY=",
        "owner": "Reledia",
        "repo": "miller.yazi",
        "rev": "40e02654725a9902b689114537626207cbf23436",
        "type": "github"
      },
      "original": {
        "owner": "Reledia",
        "repo": "miller.yazi",
        "type": "github"
      }
    },
    "nix-gaming": {
      "inputs": {
        "flake-parts": "flake-parts_3",
        "nixpkgs": "nixpkgs_2",
        "umu": "umu"
      },
      "locked": {
        "lastModified": 1731980711,
        "narHash": "sha256-6oOIuAMih3tN1Fjo9cQp1Q5LNe1t3eueA2i0IV1QAVI=",
        "owner": "fufexan",
        "repo": "nix-gaming",
        "rev": "d89390fd1c6e070e03b9e19d48d884612132a14f",
        "type": "github"
      },
      "original": {
        "owner": "fufexan",
        "repo": "nix-gaming",
        "type": "github"
      }
    },
    "nix-index-database": {
      "inputs": {
        "nixpkgs": [
          "nixpkgs"
        ]
      },
      "locked": {
        "lastModified": 1731814505,
        "narHash": "sha256-l9ryrx1Twh08a+gxrMGM9O/aZKEimZfa6sZVyPCImgI=",
        "owner": "Mic92",
        "repo": "nix-index-database",
        "rev": "bdba246946fb079b87b4cada4df9b1cdf1c06132",
        "type": "github"
      },
      "original": {
        "owner": "Mic92",
        "repo": "nix-index-database",
        "type": "github"
      }
    },
    "nixago": {
      "inputs": {
        "flake-utils": "flake-utils_2",
        "nixago-exts": "nixago-exts",
        "nixpkgs": [
          "nixpkgs"
        ]
      },
      "locked": {
        "lastModified": 1714086354,
        "narHash": "sha256-yKVQMxL9p7zCWUhnGhDzRVT8sDgHoI3V595lBK0C2YA=",
        "owner": "nix-community",
        "repo": "nixago",
        "rev": "5133633e9fe6b144c8e00e3b212cdbd5a173b63d",
        "type": "github"
      },
      "original": {
        "owner": "nix-community",
        "repo": "nixago",
        "type": "github"
      }
    },
    "nixago-exts": {
      "inputs": {
        "flake-utils": "flake-utils_3",
        "nixago": "nixago_2",
        "nixpkgs": [
          "nixago",
          "nixpkgs"
        ]
      },
      "locked": {
        "lastModified": 1676070308,
        "narHash": "sha256-QaJ65oc2l8iwQIGWUJ0EKjCeSuuCM/LqR8RauxZUUkc=",
        "owner": "nix-community",
        "repo": "nixago-extensions",
        "rev": "e5380cb0456f4ea3c86cf94e3039eb856bf07d0b",
        "type": "github"
      },
      "original": {
        "owner": "nix-community",
        "repo": "nixago-extensions",
        "type": "github"
      }
    },
    "nixago-exts_2": {
      "inputs": {
        "flake-utils": "flake-utils_5",
        "nixago": "nixago_3",
        "nixpkgs": [
          "nixago",
          "nixago-exts",
          "nixago",
          "nixpkgs"
        ]
      },
      "locked": {
        "lastModified": 1655508669,
        "narHash": "sha256-BDDdo5dZQMmwNH/GNacy33nPBnCpSIydWFPZs0kkj/g=",
        "owner": "nix-community",
        "repo": "nixago-extensions",
        "rev": "3022a932ce109258482ecc6568c163e8d0b426aa",
        "type": "github"
      },
      "original": {
        "owner": "nix-community",
        "repo": "nixago-extensions",
        "type": "github"
      }
    },
    "nixago_2": {
      "inputs": {
        "flake-utils": "flake-utils_4",
        "nixago-exts": "nixago-exts_2",
        "nixpkgs": [
          "nixago",
          "nixago-exts",
          "nixpkgs"
        ]
      },
      "locked": {
        "lastModified": 1676070010,
        "narHash": "sha256-iYzJIWptE1EUD8VINAg66AAMUajizg8JUYN3oBmb8no=",
        "owner": "nix-community",
        "repo": "nixago",
        "rev": "d480ba6c0c16e2c5c0bd2122852d6a0c9ad1ed0e",
        "type": "github"
      },
      "original": {
        "owner": "nix-community",
        "ref": "rename-config-data",
        "repo": "nixago",
        "type": "github"
      }
    },
    "nixago_3": {
      "inputs": {
        "flake-utils": "flake-utils_6",
        "nixpkgs": [
          "nixago",
          "nixago-exts",
          "nixago",
          "nixago-exts",
          "nixpkgs"
        ]
      },
      "locked": {
        "lastModified": 1655405483,
        "narHash": "sha256-Crd49aZWNrpczlRTOwWGfwBMsTUoG9vlHDKQC7cx264=",
        "owner": "nix-community",
        "repo": "nixago",
        "rev": "e6a9566c18063db5b120e69e048d3627414e327d",
        "type": "github"
      },
      "original": {
        "owner": "nix-community",
        "repo": "nixago",
        "type": "github"
      }
    },
    "nixpkgs": {
      "locked": {
        "lastModified": 1699963925,
        "narHash": "sha256-LE7OV/SwkIBsCpAlIPiFhch/J+jBDGEZjNfdnzCnCrY=",
        "owner": "NixOS",
        "repo": "nixpkgs",
        "rev": "bf744fe90419885eefced41b3e5ae442d732712d",
        "type": "github"
      },
      "original": {
        "owner": "NixOS",
        "ref": "nixos-unstable",
        "repo": "nixpkgs",
        "type": "github"
      }
    },
    "nixpkgs-lib": {
      "locked": {
        "lastModified": 1730504152,
        "narHash": "sha256-lXvH/vOfb4aGYyvFmZK/HlsNsr/0CVWlwYvo2rxJk3s=",
        "type": "tarball",
        "url": "https://github.com/NixOS/nixpkgs/archive/cc2f28000298e1269cea6612cd06ec9979dd5d7f.tar.gz"
      },
      "original": {
        "type": "tarball",
        "url": "https://github.com/NixOS/nixpkgs/archive/cc2f28000298e1269cea6612cd06ec9979dd5d7f.tar.gz"
      }
    },
    "nixpkgs-lib_2": {
      "locked": {
        "lastModified": 1730504152,
        "narHash": "sha256-lXvH/vOfb4aGYyvFmZK/HlsNsr/0CVWlwYvo2rxJk3s=",
        "type": "tarball",
        "url": "https://github.com/NixOS/nixpkgs/archive/cc2f28000298e1269cea6612cd06ec9979dd5d7f.tar.gz"
      },
      "original": {
        "type": "tarball",
        "url": "https://github.com/NixOS/nixpkgs/archive/cc2f28000298e1269cea6612cd06ec9979dd5d7f.tar.gz"
      }
    },
    "nixpkgs_2": {
      "locked": {
        "lastModified": 1731763621,
        "narHash": "sha256-ddcX4lQL0X05AYkrkV2LMFgGdRvgap7Ho8kgon3iWZk=",
        "owner": "NixOS",
        "repo": "nixpkgs",
        "rev": "c69a9bffbecde46b4b939465422ddc59493d3e4d",
        "type": "github"
      },
      "original": {
        "owner": "NixOS",
        "ref": "nixpkgs-unstable",
        "repo": "nixpkgs",
        "type": "github"
      }
    },
    "nixpkgs_3": {
      "locked": {
        "lastModified": 1731676054,
        "narHash": "sha256-OZiZ3m8SCMfh3B6bfGC/Bm4x3qc1m2SVEAlkV6iY7Yg=",
        "owner": "NixOS",
        "repo": "nixpkgs",
        "rev": "5e4fbfb6b3de1aa2872b76d49fafc942626e2add",
        "type": "github"
      },
      "original": {
        "owner": "NixOS",
        "ref": "nixos-unstable",
        "repo": "nixpkgs",
        "type": "github"
      }
    },
    "ouch-yazi": {
      "flake": false,
      "locked": {
        "lastModified": 1731382206,
        "narHash": "sha256-fEfsHEddL7bg4z85UDppspVGlfUJIa7g11BwjHbufrE=",
        "owner": "ndtoan96",
        "repo": "ouch.yazi",
        "rev": "db1488358941a2bc9918fa91c304d6724a0bb608",
        "type": "github"
      },
      "original": {
        "owner": "ndtoan96",
        "repo": "ouch.yazi",
        "type": "github"
      }
    },
    "relative-motions-yazi": {
      "flake": false,
      "locked": {
        "lastModified": 1732042800,
        "narHash": "sha256-83cTNxGbPzzWEGTwkpf/WweHuKJSAPIGLf4DzY9vqog=",
        "owner": "dedukun",
        "repo": "relative-motions.yazi",
        "rev": "4244639d480e797a43d6514ddee021a0cb6d1cd6",
        "type": "github"
      },
      "original": {
        "owner": "dedukun",
        "ref": "0.3.3",
        "repo": "relative-motions.yazi",
        "type": "github"
      }
    },
    "root": {
      "inputs": {
        "catppuccin": "catppuccin",
        "catppuccin-fractal-wallpapers": "catppuccin-fractal-wallpapers",
        "catppuccin-ohmyrepl": "catppuccin-ohmyrepl",
        "catppuccin-prismlauncher": "catppuccin-prismlauncher",
        "devshell": "devshell",
        "disko": "disko",
        "exercism-cli-fish-wrapper": "exercism-cli-fish-wrapper",
        "exifaudio-yazi": "exifaudio-yazi",
        "ez-configs": "ez-configs",
        "flake-parts": "flake-parts_2",
        "glow-yazi": "glow-yazi",
        "home-manager": "home-manager",
        "hyprland-contrib": "hyprland-contrib",
        "impermanence": "impermanence",
        "lix-module": "lix-module",
        "miller-yazi": "miller-yazi",
        "nix-gaming": "nix-gaming",
        "nix-index-database": "nix-index-database",
        "nixago": "nixago",
        "nixpkgs": "nixpkgs_3",
        "ouch-yazi": "ouch-yazi",
        "relative-motions-yazi": "relative-motions-yazi",
        "spicetify-nix": "spicetify-nix",
        "starship-yazi": "starship-yazi",
        "stylix": "stylix",
        "swi-lsp-server": "swi-lsp-server",
        "ttf-to-tty": "ttf-to-tty",
        "yazi-plugins": "yazi-plugins"
      }
    },
    "spicetify-nix": {
      "inputs": {
        "flake-compat": "flake-compat",
        "nixpkgs": [
          "nixpkgs"
        ]
      },
      "locked": {
        "lastModified": 1731989835,
        "narHash": "sha256-Y1S+x2jWLQB9hn4aG04/213ZlTp+30itKe9KcSsrFgw=",
        "owner": "Gerg-L",
        "repo": "spicetify-nix",
        "rev": "aac6c81489f61034916efa4ed62840dc1d72c413",
        "type": "github"
      },
      "original": {
        "owner": "Gerg-L",
        "repo": "spicetify-nix",
        "type": "github"
      }
    },
    "starship-yazi": {
      "flake": false,
      "locked": {
        "lastModified": 1727382643,
        "narHash": "sha256-sAB0958lLNqqwkpucRsUqLHFV/PJYoJL2lHFtfHDZF8=",
        "owner": "Rolv-Apneseth",
        "repo": "starship.yazi",
        "rev": "77a65f5a367f833ad5e6687261494044006de9c3",
        "type": "github"
      },
      "original": {
        "owner": "Rolv-Apneseth",
        "repo": "starship.yazi",
        "type": "github"
      }
    },
    "stylix": {
      "inputs": {
        "base16": "base16",
        "base16-fish": "base16-fish",
        "base16-helix": "base16-helix",
        "base16-vim": "base16-vim",
        "flake-compat": "flake-compat_2",
        "flake-utils": "flake-utils_7",
        "gnome-shell": "gnome-shell",
        "home-manager": [
          "home-manager"
        ],
        "nixpkgs": [
          "nixpkgs"
        ],
        "systems": "systems_2",
        "tinted-foot": "tinted-foot",
        "tinted-kitty": "tinted-kitty",
        "tinted-tmux": "tinted-tmux"
      },
      "locked": {
        "lastModified": 1732036949,
        "narHash": "sha256-prZV8HDVvBqHiJLkjElJYoZ6zonV7cOABb8Z0lWonJA=",
        "owner": "danth",
        "repo": "stylix",
        "rev": "4912f4db00bc931c7636d827e829faf01f6bf155",
        "type": "github"
      },
      "original": {
        "owner": "danth",
        "repo": "stylix",
        "type": "github"
      }
    },
    "swi-lsp-server": {
      "flake": false,
      "locked": {
        "lastModified": 1729294871,
        "narHash": "sha256-9SHHsdNGLqzxbazsfK9Tx+sEOPgNSeR9W/zV3Ppbnq4=",
        "owner": "jamesnvc",
        "repo": "lsp_server",
        "rev": "348decf844618408761804ebfd5fe570f5991ae1",
        "type": "github"
      },
      "original": {
        "owner": "jamesnvc",
        "repo": "lsp_server",
        "type": "github"
      }
    },
    "systems": {
      "locked": {
        "lastModified": 1681028828,
        "narHash": "sha256-Vy1rq5AaRuLzOxct8nz4T6wlgyUR7zLU309k9mBC768=",
        "owner": "nix-systems",
        "repo": "default",
        "rev": "da67096a3b9bf56a91d16901293e51ba5b49a27e",
        "type": "github"
      },
      "original": {
        "owner": "nix-systems",
        "repo": "default",
        "type": "github"
      }
    },
    "systems_2": {
      "locked": {
        "lastModified": 1681028828,
        "narHash": "sha256-Vy1rq5AaRuLzOxct8nz4T6wlgyUR7zLU309k9mBC768=",
        "owner": "nix-systems",
        "repo": "default",
        "rev": "da67096a3b9bf56a91d16901293e51ba5b49a27e",
        "type": "github"
      },
      "original": {
        "owner": "nix-systems",
        "repo": "default",
        "type": "github"
      }
    },
    "systems_3": {
      "locked": {
        "lastModified": 1681028828,
        "narHash": "sha256-Vy1rq5AaRuLzOxct8nz4T6wlgyUR7zLU309k9mBC768=",
        "owner": "nix-systems",
        "repo": "default",
        "rev": "da67096a3b9bf56a91d16901293e51ba5b49a27e",
        "type": "github"
      },
      "original": {
        "owner": "nix-systems",
        "repo": "default",
        "type": "github"
      }
    },
    "tinted-foot": {
      "flake": false,
      "locked": {
        "lastModified": 1726913040,
        "narHash": "sha256-+eDZPkw7efMNUf3/Pv0EmsidqdwNJ1TaOum6k7lngDQ=",
        "owner": "tinted-theming",
        "repo": "tinted-foot",
        "rev": "fd1b924b6c45c3e4465e8a849e67ea82933fcbe4",
        "type": "github"
      },
      "original": {
        "owner": "tinted-theming",
        "repo": "tinted-foot",
        "rev": "fd1b924b6c45c3e4465e8a849e67ea82933fcbe4",
        "type": "github"
      }
    },
    "tinted-kitty": {
      "flake": false,
      "locked": {
        "lastModified": 1716423189,
        "narHash": "sha256-2xF3sH7UIwegn+2gKzMpFi3pk5DlIlM18+vj17Uf82U=",
        "owner": "tinted-theming",
        "repo": "tinted-kitty",
        "rev": "eb39e141db14baef052893285df9f266df041ff8",
        "type": "github"
      },
      "original": {
        "owner": "tinted-theming",
        "repo": "tinted-kitty",
        "rev": "eb39e141db14baef052893285df9f266df041ff8",
        "type": "github"
      }
    },
    "tinted-tmux": {
      "flake": false,
      "locked": {
        "lastModified": 1696725902,
        "narHash": "sha256-wDPg5elZPcQpu7Df0lI5O8Jv4A3T6jUQIVg63KDU+3Q=",
        "owner": "tinted-theming",
        "repo": "tinted-tmux",
        "rev": "c02050bebb60dbb20cb433cd4d8ce668ecc11ba7",
        "type": "github"
      },
      "original": {
        "owner": "tinted-theming",
        "repo": "tinted-tmux",
        "type": "github"
      }
    },
    "ttf-to-tty": {
      "inputs": {
        "nixpkgs": [
          "nixpkgs"
        ],
        "utils": "utils"
      },
      "locked": {
        "lastModified": 1692447275,
        "narHash": "sha256-k6ZHyz8PhlURoTqje0WtQnqXc+RMVZSqYXSkaNtyTcU=",
        "owner": "Sigmanificient",
        "repo": "ttf_to_tty",
        "rev": "7d8c2a12ff375530fd9ebed24675c08804557036",
        "type": "github"
      },
      "original": {
        "owner": "Sigmanificient",
        "repo": "ttf_to_tty",
        "type": "github"
      }
    },
    "umu": {
      "inputs": {
        "nixpkgs": [
          "nix-gaming",
          "nixpkgs"
        ]
      },
      "locked": {
        "dir": "packaging/nix",
        "lastModified": 1731893168,
        "narHash": "sha256-nijDZdYKT9UWF+kMgM3lq1OkbFKvDs6JXKRXI8cpprE=",
        "ref": "refs/heads/main",
        "rev": "9f580b251ca66950bb436c09afd2b9585eed74ba",
        "revCount": 840,
        "submodules": true,
        "type": "git",
        "url": "https://github.com/Open-Wine-Components/umu-launcher/"
      },
      "original": {
        "dir": "packaging/nix",
        "submodules": true,
        "type": "git",
        "url": "https://github.com/Open-Wine-Components/umu-launcher/"
      }
    },
    "utils": {
      "inputs": {
        "systems": "systems_3"
      },
      "locked": {
        "lastModified": 1689068808,
        "narHash": "sha256-6ixXo3wt24N/melDWjq70UuHQLxGV8jZvooRanIHXw0=",
        "owner": "numtide",
        "repo": "flake-utils",
        "rev": "919d646de7be200f3bf08cb76ae1f09402b6f9b4",
        "type": "github"
      },
      "original": {
        "owner": "numtide",
        "repo": "flake-utils",
        "type": "github"
      }
    },
    "yazi-plugins": {
      "flake": false,
      "locked": {
        "lastModified": 1731736005,
        "narHash": "sha256-RYa7wbFGZ9citYYdF9FYJwzUGBmIUvNBdORpBPb6ZnQ=",
        "owner": "yazi-rs",
        "repo": "plugins",
        "rev": "4a6edc3349a2a9850075363965d05b9063817df4",
        "type": "github"
      },
      "original": {
        "owner": "yazi-rs",
        "repo": "plugins",
        "type": "github"
      }
    }
  },
  "root": "root",
  "version": 7
}
